
Microsoft Visual Studio Solution File, Format Version 12.00
# Visual Studio Version 17
VisualStudioVersion = 17.11.35118.90
MinimumVisualStudioVersion = 10.0.40219.1
Project("{9A19103F-16F7-4668-BE54-9A1E7A4F7556}") = "ABC_Retail", "ABC_Retail\ABC_Retail.csproj", "{68D6DF22-1619-4486-A750-2B2183FC777C}"
EndProject
Project("{9A19103F-16F7-4668-BE54-9A1E7A4F7556}") = "ABC_Retail_Functions", "LearningFunctions\ABC_Retail_Functions.csproj", "{7841F3DE-38BD-49E1-9A5B-C952E5FAE61A}"
EndProject
Global
	GlobalSection(SolutionConfigurationPlatforms) = preSolution
		Debug|Any CPU = Debug|Any CPU
		Release|Any CPU = Release|Any CPU
	EndGlobalSection
	GlobalSection(ProjectConfigurationPlatforms) = postSolution
		{68D6DF22-1619-4486-A750-2B2183FC777C}.Debug|Any CPU.ActiveCfg = Debug|Any CPU
		{68D6DF22-1619-4486-A750-2B2183FC777C}.Debug|Any CPU.Build.0 = Debug|Any CPU
		{68D6DF22-1619-4486-A750-2B2183FC777C}.Release|Any CPU.ActiveCfg = Release|Any CPU
		{68D6DF22-1619-4486-A750-2B2183FC777C}.Release|Any CPU.Build.0 = Release|Any CPU
		{7841F3DE-38BD-49E1-9A5B-C952E5FAE61A}.Debug|Any CPU.ActiveCfg = Debug|Any CPU
		{7841F3DE-38BD-49E1-9A5B-C952E5FAE61A}.Debug|Any CPU.Build.0 = Debug|Any CPU
		{7841F3DE-38BD-49E1-9A5B-C952E5FAE61A}.Release|Any CPU.ActiveCfg = Release|Any CPU
		{7841F3DE-38BD-49E1-9A5B-C952E5FAE61A}.Release|Any CPU.Build.0 = Release|Any CPU
	EndGlobalSection
	GlobalSection(SolutionProperties) = preSolution
		HideSolutionNode = FALSE
	EndGlobalSection
	GlobalSection(ExtensibilityGlobals) = postSolution
		SolutionGuid = {E044EB5E-9B69-404F-A956-74CB2F2EA604}
	EndGlobalSection
EndGlobal
