
Microsoft Visual Studio Solution File, Format Version 12.00
# Visual Studio Version 17
VisualStudioVersion = 17.11.35118.90
MinimumVisualStudioVersion = 10.0.40219.1
Project("{FAE04EC0-301F-11D3-BF4B-00C04F79EFBC}") = "ABC_Retail", "ABC_Retail\ABC_Retail.csproj", "{68D6DF22-1619-4486-A750-2B2183FC777C}"
EndProject
Project("{FAE04EC0-301F-11D3-BF4B-00C04F79EFBC}") = "ABC_Retail_Functions", "ABC_Retail_Functions\ABC_Retail_Functions.csproj", "{053D644F-9AB5-4233-AA48-F076C4878352}"
EndProject
Global
	GlobalSection(SolutionConfigurationPlatforms) = preSolution
		Debug|Any CPU = Debug|Any CPU
		Debug|x64 = Debug|x64
		Release|Any CPU = Release|Any CPU
		Release|x64 = Release|x64
	EndGlobalSection
	GlobalSection(ProjectConfigurationPlatforms) = postSolution
		{68D6DF22-1619-4486-A750-2B2183FC777C}.Debug|Any CPU.ActiveCfg = Debug|Any CPU
		{68D6DF22-1619-4486-A750-2B2183FC777C}.Debug|Any CPU.Build.0 = Debug|Any CPU
		{68D6DF22-1619-4486-A750-2B2183FC777C}.Debug|x64.ActiveCfg = Debug|Any CPU
		{68D6DF22-1619-4486-A750-2B2183FC777C}.Debug|x64.Build.0 = Debug|Any CPU
		{68D6DF22-1619-4486-A750-2B2183FC777C}.Release|Any CPU.ActiveCfg = Release|Any CPU
		{68D6DF22-1619-4486-A750-2B2183FC777C}.Release|Any CPU.Build.0 = Release|Any CPU
		{68D6DF22-1619-4486-A750-2B2183FC777C}.Release|x64.ActiveCfg = Release|Any CPU
		{68D6DF22-1619-4486-A750-2B2183FC777C}.Release|x64.Build.0 = Release|Any CPU
		{053D644F-9AB5-4233-AA48-F076C4878352}.Debug|Any CPU.ActiveCfg = Debug|Any CPU
		{053D644F-9AB5-4233-AA48-F076C4878352}.Debug|Any CPU.Build.0 = Debug|Any CPU
		{053D644F-9AB5-4233-AA48-F076C4878352}.Debug|x64.ActiveCfg = Debug|Any CPU
		{053D644F-9AB5-4233-AA48-F076C4878352}.Debug|x64.Build.0 = Debug|Any CPU
		{053D644F-9AB5-4233-AA48-F076C4878352}.Release|Any CPU.ActiveCfg = Release|Any CPU
		{053D644F-9AB5-4233-AA48-F076C4878352}.Release|Any CPU.Build.0 = Release|Any CPU
		{053D644F-9AB5-4233-AA48-F076C4878352}.Release|x64.ActiveCfg = Release|Any CPU
		{053D644F-9AB5-4233-AA48-F076C4878352}.Release|x64.Build.0 = Release|Any CPU
	EndGlobalSection
	GlobalSection(SolutionProperties) = preSolution
		HideSolutionNode = FALSE
	EndGlobalSection
	GlobalSection(ExtensibilityGlobals) = postSolution
		SolutionGuid = {E044EB5E-9B69-404F-A956-74CB2F2EA604}
	EndGlobalSection
EndGlobal
